# This file was autogenerated by Stack.
# You should not edit this file by hand.
# For more information, please see the documentation at:
#   https://docs.haskellstack.org/en/stable/lock_files

packages:
- completed:
    name: amazonka
    pantry-tree:
      sha256: 2bbc87a5978cb3ae92e7f08f7b09406faa01e013a9578efcba2a8b2916af7c12
      size: 1527
    sha256: f9a2516e315ea9e8353246f632c722a0cbcd208b19404a8808ddf5ce7d5fc28b
    size: 34731344
    subdir: lib/amazonka
    url: https://github.com/brendanhay/amazonka/archive/3e66cc1b07f2818d0b4fc346310ecdb1c3c27599.tar.gz
    version: '2.0'
  original:
    subdir: lib/amazonka
    url: https://github.com/brendanhay/amazonka/archive/3e66cc1b07f2818d0b4fc346310ecdb1c3c27599.tar.gz
- completed:
    name: amazonka-core
    pantry-tree:
      sha256: bbd8a3dd99145e7f4515a292e3f1832e2a312e90a2388b730aaa54c647dd0f1f
      size: 3222
    sha256: f9a2516e315ea9e8353246f632c722a0cbcd208b19404a8808ddf5ce7d5fc28b
    size: 34731344
    subdir: lib/amazonka-core
    url: https://github.com/brendanhay/amazonka/archive/3e66cc1b07f2818d0b4fc346310ecdb1c3c27599.tar.gz
    version: '2.0'
  original:
    subdir: lib/amazonka-core
    url: https://github.com/brendanhay/amazonka/archive/3e66cc1b07f2818d0b4fc346310ecdb1c3c27599.tar.gz
- completed:
    name: amazonka-sso
    pantry-tree:
      sha256: 9f2d5293772b1138eccf9dfa5ceaf4081d6a1e16f14cf8e161831364a0821304
      size: 1817
    sha256: f9a2516e315ea9e8353246f632c722a0cbcd208b19404a8808ddf5ce7d5fc28b
    size: 34731344
    subdir: lib/services/amazonka-sso
    url: https://github.com/brendanhay/amazonka/archive/3e66cc1b07f2818d0b4fc346310ecdb1c3c27599.tar.gz
    version: '2.0'
  original:
    subdir: lib/services/amazonka-sso
    url: https://github.com/brendanhay/amazonka/archive/3e66cc1b07f2818d0b4fc346310ecdb1c3c27599.tar.gz
- completed:
    name: amazonka-sts
    pantry-tree:
      sha256: ff8c406bbc10762adccfca8a541ea64631c1d44becde5c0eeeb97fbbd827b7c6
      size: 2880
    sha256: f9a2516e315ea9e8353246f632c722a0cbcd208b19404a8808ddf5ce7d5fc28b
    size: 34731344
    subdir: lib/services/amazonka-sts
    url: https://github.com/brendanhay/amazonka/archive/3e66cc1b07f2818d0b4fc346310ecdb1c3c27599.tar.gz
    version: '2.0'
  original:
    subdir: lib/services/amazonka-sts
    url: https://github.com/brendanhay/amazonka/archive/3e66cc1b07f2818d0b4fc346310ecdb1c3c27599.tar.gz
- completed:
    name: amazonka-s3
    pantry-tree:
      sha256: 96a21330a6318744e3b47700d33e57b9461cd8ca069a1069f3cefbd2ff10e92b
      size: 38690
    sha256: f9a2516e315ea9e8353246f632c722a0cbcd208b19404a8808ddf5ce7d5fc28b
    size: 34731344
    subdir: lib/services/amazonka-s3
    url: https://github.com/brendanhay/amazonka/archive/3e66cc1b07f2818d0b4fc346310ecdb1c3c27599.tar.gz
    version: '2.0'
  original:
    subdir: lib/services/amazonka-s3
    url: https://github.com/brendanhay/amazonka/archive/3e66cc1b07f2818d0b4fc346310ecdb1c3c27599.tar.gz
- completed:
    name: amazonka-rekognition
    pantry-tree:
      sha256: 429a0e3ae958970cdc26d353d2b3396fbaae4258da951ae27938c3efc6ec79ff
      size: 29110
    sha256: f9a2516e315ea9e8353246f632c722a0cbcd208b19404a8808ddf5ce7d5fc28b
    size: 34731344
    subdir: lib/services/amazonka-rekognition
    url: https://github.com/brendanhay/amazonka/archive/3e66cc1b07f2818d0b4fc346310ecdb1c3c27599.tar.gz
    version: '2.0'
  original:
    subdir: lib/services/amazonka-rekognition
    url: https://github.com/brendanhay/amazonka/archive/3e66cc1b07f2818d0b4fc346310ecdb1c3c27599.tar.gz
snapshots:
- completed:
    sha256: 4c972e067bae16b95961dbfdd12e07f1ee6c8fffabbfa05c3d65100b03f548b7
    size: 650253
    url: https://raw.githubusercontent.com/commercialhaskell/stackage-snapshots/master/lts/20/23.yaml
  original:
    url: https://raw.githubusercontent.com/commercialhaskell/stackage-snapshots/master/lts/20/23.yaml
